
Microsoft Visual Studio Solution File, Format Version 12.00
# Visual Studio 2012
Project("{FAE04EC0-301F-11D3-BF4B-00C04F79EFBC}") = "JiraInterface", "JiraInterface\JiraInterface.csproj", "{8688E2E8-CD4F-4D53-816B-387881E55316}"
EndProject
Project("{2150E333-8FDC-42A3-9474-1A3956D46DE8}") = ".nuget", ".nuget", "{4D40729A-2AF3-49BC-A6B9-17BA4FD5F499}"
	ProjectSection(SolutionItems) = preProject
		.nuget\NuGet.Config = .nuget\NuGet.Config
		.nuget\NuGet.exe = .nuget\NuGet.exe
		.nuget\NuGet.targets = .nuget\NuGet.targets
	EndProjectSection
EndProject
Global
	GlobalSection(SolutionConfigurationPlatforms) = preSolution
		Debug|Any CPU = Debug|Any CPU
		Release|Any CPU = Release|Any CPU
	EndGlobalSection
	GlobalSection(ProjectConfigurationPlatforms) = postSolution
		{8688E2E8-CD4F-4D53-816B-387881E55316}.Debug|Any CPU.ActiveCfg = Debug|Any CPU
		{8688E2E8-CD4F-4D53-816B-387881E55316}.Debug|Any CPU.Build.0 = Debug|Any CPU
		{8688E2E8-CD4F-4D53-816B-387881E55316}.Release|Any CPU.ActiveCfg = Release|Any CPU
		{8688E2E8-CD4F-4D53-816B-387881E55316}.Release|Any CPU.Build.0 = Release|Any CPU
	EndGlobalSection
	GlobalSection(SolutionProperties) = preSolution
		HideSolutionNode = FALSE
	EndGlobalSection
EndGlobal
